
Microsoft Visual Studio Solution File, Format Version 12.00
# Visual Studio Version 16
VisualStudioVersion = 16.0.32510.428
MinimumVisualStudioVersion = 10.0.40219.1
Project("{9A19103F-16F7-4668-BE54-9A1E7A4F7556}") = "CatalogService.Api.Web", "CatalogService\CatalogService.Api.Web.csproj", "{E71E7FFF-F9D5-4E88-A387-45290F928047}"
EndProject
Project("{9A19103F-16F7-4668-BE54-9A1E7A4F7556}") = "CatalogService.Api.DAL", "DAL\CatalogService.Api.DAL.csproj", "{1A7B055C-ECC7-4497-BCAD-CB611452739D}"
EndProject
Project("{FAE04EC0-301F-11D3-BF4B-00C04F79EFBC}") = "CatalogService.Api.BLL", "CatalogService.Api.BLL\CatalogService.Api.BLL.csproj", "{4338847D-6E2E-400D-9F5E-82E467DCFAA6}"
EndProject
Global
	GlobalSection(SolutionConfigurationPlatforms) = preSolution
		Debug|Any CPU = Debug|Any CPU
		Release|Any CPU = Release|Any CPU
	EndGlobalSection
	GlobalSection(ProjectConfigurationPlatforms) = postSolution
		{E71E7FFF-F9D5-4E88-A387-45290F928047}.Debug|Any CPU.ActiveCfg = Debug|Any CPU
		{E71E7FFF-F9D5-4E88-A387-45290F928047}.Debug|Any CPU.Build.0 = Debug|Any CPU
		{E71E7FFF-F9D5-4E88-A387-45290F928047}.Release|Any CPU.ActiveCfg = Release|Any CPU
		{E71E7FFF-F9D5-4E88-A387-45290F928047}.Release|Any CPU.Build.0 = Release|Any CPU
		{1A7B055C-ECC7-4497-BCAD-CB611452739D}.Debug|Any CPU.ActiveCfg = Debug|Any CPU
		{1A7B055C-ECC7-4497-BCAD-CB611452739D}.Debug|Any CPU.Build.0 = Debug|Any CPU
		{1A7B055C-ECC7-4497-BCAD-CB611452739D}.Release|Any CPU.ActiveCfg = Release|Any CPU
		{1A7B055C-ECC7-4497-BCAD-CB611452739D}.Release|Any CPU.Build.0 = Release|Any CPU
		{4338847D-6E2E-400D-9F5E-82E467DCFAA6}.Debug|Any CPU.ActiveCfg = Debug|Any CPU
		{4338847D-6E2E-400D-9F5E-82E467DCFAA6}.Debug|Any CPU.Build.0 = Debug|Any CPU
		{4338847D-6E2E-400D-9F5E-82E467DCFAA6}.Release|Any CPU.ActiveCfg = Release|Any CPU
		{4338847D-6E2E-400D-9F5E-82E467DCFAA6}.Release|Any CPU.Build.0 = Release|Any CPU
	EndGlobalSection
	GlobalSection(SolutionProperties) = preSolution
		HideSolutionNode = FALSE
	EndGlobalSection
	GlobalSection(ExtensibilityGlobals) = postSolution
		SolutionGuid = {AD23A281-E1C0-455A-B90A-13FC8F18FE34}
	EndGlobalSection
EndGlobal
