
Microsoft Visual Studio Solution File, Format Version 12.00
# Visual Studio Version 16
VisualStudioVersion = 16.0.32510.428
MinimumVisualStudioVersion = 10.0.40219.1
Project("{9A19103F-16F7-4668-BE54-9A1E7A4F7556}") = "CatalogService.Api.BLL", "CatalogService.Api.BLL\CatalogService.Api.BLL.csproj", "{4338847D-6E2E-400D-9F5E-82E467DCFAA6}"
EndProject
Project("{9A19103F-16F7-4668-BE54-9A1E7A4F7556}") = "CatalogService.Api.DAL", "CatalogService.Api.DAL\CatalogService.Api.DAL.csproj", "{0501738D-A8B0-4F59-A313-7A97F94C299B}"
EndProject
Project("{9A19103F-16F7-4668-BE54-9A1E7A4F7556}") = "CatalogService.Api.Web", "CatalogService.Api.Web\CatalogService.Api.Web.csproj", "{0CE3A79C-73EC-41C8-8FEB-0D99B81CA597}"
EndProject
Global
	GlobalSection(SolutionConfigurationPlatforms) = preSolution
		Debug|Any CPU = Debug|Any CPU
		Release|Any CPU = Release|Any CPU
	EndGlobalSection
	GlobalSection(ProjectConfigurationPlatforms) = postSolution
		{4338847D-6E2E-400D-9F5E-82E467DCFAA6}.Debug|Any CPU.ActiveCfg = Debug|Any CPU
		{4338847D-6E2E-400D-9F5E-82E467DCFAA6}.Debug|Any CPU.Build.0 = Debug|Any CPU
		{4338847D-6E2E-400D-9F5E-82E467DCFAA6}.Release|Any CPU.ActiveCfg = Release|Any CPU
		{4338847D-6E2E-400D-9F5E-82E467DCFAA6}.Release|Any CPU.Build.0 = Release|Any CPU
		{0501738D-A8B0-4F59-A313-7A97F94C299B}.Debug|Any CPU.ActiveCfg = Debug|Any CPU
		{0501738D-A8B0-4F59-A313-7A97F94C299B}.Debug|Any CPU.Build.0 = Debug|Any CPU
		{0501738D-A8B0-4F59-A313-7A97F94C299B}.Release|Any CPU.ActiveCfg = Release|Any CPU
		{0501738D-A8B0-4F59-A313-7A97F94C299B}.Release|Any CPU.Build.0 = Release|Any CPU
		{0CE3A79C-73EC-41C8-8FEB-0D99B81CA597}.Debug|Any CPU.ActiveCfg = Debug|Any CPU
		{0CE3A79C-73EC-41C8-8FEB-0D99B81CA597}.Debug|Any CPU.Build.0 = Debug|Any CPU
		{0CE3A79C-73EC-41C8-8FEB-0D99B81CA597}.Release|Any CPU.ActiveCfg = Release|Any CPU
		{0CE3A79C-73EC-41C8-8FEB-0D99B81CA597}.Release|Any CPU.Build.0 = Release|Any CPU
	EndGlobalSection
	GlobalSection(SolutionProperties) = preSolution
		HideSolutionNode = FALSE
	EndGlobalSection
	GlobalSection(ExtensibilityGlobals) = postSolution
		SolutionGuid = {AD23A281-E1C0-455A-B90A-13FC8F18FE34}
	EndGlobalSection
EndGlobal
